
Microsoft Visual Studio Solution File, Format Version 12.00
# Visual Studio Version 17
VisualStudioVersion = 17.4.33213.308
MinimumVisualStudioVersion = 10.0.40219.1
Project("{9A19103F-16F7-4668-BE54-9A1E7A4F7556}") = "RiverFlow", "AquaticInformatics\RiverFlow.csproj", "{F67ABC4F-5DCD-4B41-B0AE-113439A404FF}"
EndProject
Project("{9A19103F-16F7-4668-BE54-9A1E7A4F7556}") = "RiverFlowTests", "StreamSectionTests\RiverFlowTests.csproj", "{0C3E4148-6247-40BA-A824-737CE0320E4E}"
EndProject
Project("{FAE04EC0-301F-11D3-BF4B-00C04F79EFBC}") = "RiverFlowExecutor", "RiverStreamExecutor\RiverFlowExecutor.csproj", "{312E5346-992C-4D45-8BEE-9B874F8F86AA}"
EndProject
Global
	GlobalSection(SolutionConfigurationPlatforms) = preSolution
		Debug|Any CPU = Debug|Any CPU
		Release|Any CPU = Release|Any CPU
	EndGlobalSection
	GlobalSection(ProjectConfigurationPlatforms) = postSolution
		{F67ABC4F-5DCD-4B41-B0AE-113439A404FF}.Debug|Any CPU.ActiveCfg = Debug|Any CPU
		{F67ABC4F-5DCD-4B41-B0AE-113439A404FF}.Debug|Any CPU.Build.0 = Debug|Any CPU
		{F67ABC4F-5DCD-4B41-B0AE-113439A404FF}.Release|Any CPU.ActiveCfg = Release|Any CPU
		{F67ABC4F-5DCD-4B41-B0AE-113439A404FF}.Release|Any CPU.Build.0 = Release|Any CPU
		{0C3E4148-6247-40BA-A824-737CE0320E4E}.Debug|Any CPU.ActiveCfg = Debug|Any CPU
		{0C3E4148-6247-40BA-A824-737CE0320E4E}.Debug|Any CPU.Build.0 = Debug|Any CPU
		{0C3E4148-6247-40BA-A824-737CE0320E4E}.Release|Any CPU.ActiveCfg = Release|Any CPU
		{0C3E4148-6247-40BA-A824-737CE0320E4E}.Release|Any CPU.Build.0 = Release|Any CPU
		{312E5346-992C-4D45-8BEE-9B874F8F86AA}.Debug|Any CPU.ActiveCfg = Debug|Any CPU
		{312E5346-992C-4D45-8BEE-9B874F8F86AA}.Debug|Any CPU.Build.0 = Debug|Any CPU
		{312E5346-992C-4D45-8BEE-9B874F8F86AA}.Release|Any CPU.ActiveCfg = Release|Any CPU
		{312E5346-992C-4D45-8BEE-9B874F8F86AA}.Release|Any CPU.Build.0 = Release|Any CPU
	EndGlobalSection
	GlobalSection(SolutionProperties) = preSolution
		HideSolutionNode = FALSE
	EndGlobalSection
	GlobalSection(ExtensibilityGlobals) = postSolution
		SolutionGuid = {55C2B5C2-87B1-48BD-B49D-03947C2F970B}
	EndGlobalSection
EndGlobal
